
Microsoft Visual Studio Solution File, Format Version 12.00
# Visual Studio Version 17
VisualStudioVersion = 17.14.36717.8 d17.14
MinimumVisualStudioVersion = 10.0.40219.1
Project("{FAE04EC0-301F-11D3-BF4B-00C04F79EFBC}") = "FoodOrderingSystem", "FoodOrderingSystem.csproj", "{027E5ABD-220C-41D6-8BC2-9AB4ACF1C45A}"
EndProject
Global
	GlobalSection(SolutionConfigurationPlatforms) = preSolution
		Debug|Any CPU = Debug|Any CPU
		Release|Any CPU = Release|Any CPU
	EndGlobalSection
	GlobalSection(ProjectConfigurationPlatforms) = postSolution
		{027E5ABD-220C-41D6-8BC2-9AB4ACF1C45A}.Debug|Any CPU.ActiveCfg = Debug|Any CPU
		{027E5ABD-220C-41D6-8BC2-9AB4ACF1C45A}.Debug|Any CPU.Build.0 = Debug|Any CPU
		{027E5ABD-220C-41D6-8BC2-9AB4ACF1C45A}.Release|Any CPU.ActiveCfg = Release|Any CPU
		{027E5ABD-220C-41D6-8BC2-9AB4ACF1C45A}.Release|Any CPU.Build.0 = Release|Any CPU
	EndGlobalSection
	GlobalSection(SolutionProperties) = preSolution
		HideSolutionNode = FALSE
	EndGlobalSection
	GlobalSection(ExtensibilityGlobals) = postSolution
		SolutionGuid = {68646D3B-8873-4C82-BA32-D6FCAB2EBF93}
	EndGlobalSection
EndGlobal
